
Microsoft Visual Studio Solution File, Format Version 12.00
# Visual Studio Version 17
VisualStudioVersion = 17.8.34408.163
MinimumVisualStudioVersion = 10.0.40219.1
Project("{FAE04EC0-301F-11D3-BF4B-00C04F79EFBC}") = "ConsoleApp", "ConsoleApp\ConsoleApp.csproj", "{FB6BE3F6-7F5C-4551-9E2B-ED82B9A30E6D}"
EndProject
Project("{FAE04EC0-301F-11D3-BF4B-00C04F79EFBC}") = "PirogAlex.MathLib", "PirogAlex.MathLib\PirogAlex.MathLib.csproj", "{ED17D6BA-51B4-41F8-A95F-6E6A360B685B}"
EndProject
Global
	GlobalSection(SolutionConfigurationPlatforms) = preSolution
		Debug|Any CPU = Debug|Any CPU
		Release|Any CPU = Release|Any CPU
	EndGlobalSection
	GlobalSection(ProjectConfigurationPlatforms) = postSolution
		{FB6BE3F6-7F5C-4551-9E2B-ED82B9A30E6D}.Debug|Any CPU.ActiveCfg = Debug|Any CPU
		{FB6BE3F6-7F5C-4551-9E2B-ED82B9A30E6D}.Debug|Any CPU.Build.0 = Debug|Any CPU
		{FB6BE3F6-7F5C-4551-9E2B-ED82B9A30E6D}.Release|Any CPU.ActiveCfg = Release|Any CPU
		{FB6BE3F6-7F5C-4551-9E2B-ED82B9A30E6D}.Release|Any CPU.Build.0 = Release|Any CPU
		{ED17D6BA-51B4-41F8-A95F-6E6A360B685B}.Debug|Any CPU.ActiveCfg = Debug|Any CPU
		{ED17D6BA-51B4-41F8-A95F-6E6A360B685B}.Debug|Any CPU.Build.0 = Debug|Any CPU
		{ED17D6BA-51B4-41F8-A95F-6E6A360B685B}.Release|Any CPU.ActiveCfg = Release|Any CPU
		{ED17D6BA-51B4-41F8-A95F-6E6A360B685B}.Release|Any CPU.Build.0 = Release|Any CPU
	EndGlobalSection
	GlobalSection(SolutionProperties) = preSolution
		HideSolutionNode = FALSE
	EndGlobalSection
	GlobalSection(ExtensibilityGlobals) = postSolution
		SolutionGuid = {A155B244-E601-4D09-83C6-01A91303F528}
	EndGlobalSection
EndGlobal
